{
  "nodes": {
    "betterfox-userjs": {
      "locked": {
        "lastModified": 1788753874,
        "narHash": "sha256-duTANoxgnAVdVRZ+Gty3akoM1ET5il+LqNtmi4pXM+I=",
        "owner": "istvnurbn",
        "repo": "betterfox-userjs-nix",
        "rev": "27dc934e3903d5de68ebf98a23b19e00b88ce2bc",
        "type": "github"
      },
      "original": {
        "owner": "istvnurbn",
        "repo": "betterfox-userjs-nix",
        "type": "github"
      }
    },
    "brew-src": {
      "flake": false,
      "locked": {
        "lastModified": 1789661079,
        "narHash": "sha256-geVTQ51PGZ1mLULM5k7wO7qt/6xenOR/YG8X7Q3eCaI=",
        "owner": "Homebrew",
        "repo": "brew",
        "rev": "edb70f031e4170c780799633a1226ff73e1077f4",
        "type": "github"
      },
      "original": {
        "owner": "Homebrew",
        "ref": "7.0.4",
        "repo": "brew",
        "type": "github"
      }
    },
    "darwin": {
      "inputs": {
        "nixpkgs": [
          "nixpkgs"
        ]
      },
      "locked": {
        "lastModified": 1783744694,
        "narHash": "sha256-2cp6N3rrwnGYLTx9l6N+NI+kwrCWxvJUbj5WJhvB29A=",
        "owner": "nix-darwin",
        "repo": "nix-darwin",
        "rev": "c3e90c89649b07d1a96e4b9dd6cd0d6e44b91a74",
        "type": "github"
      },
      "original": {
        "owner": "nix-darwin",
        "ref": "nix-darwin-26.05",
        "repo": "nix-darwin",
        "type": "github"
      }
    },
    "den": {
      "locked": {
        "lastModified": 1790283496,
        "narHash": "sha256-QTPzBJpxfetqU3u29+tQev8SlAC6EaRvHks0+FHAclY=",
        "owner": "denful",
        "repo": "den",
        "rev": "37eb88ce28a9e42d5b367b967a9097030ff4f665",
        "type": "github"
      },
      "original": {
        "owner": "denful",
        "ref": "latest",
        "repo": "den",
        "type": "github"
      }
    },
    "disko": {
      "inputs": {
        "nixpkgs": [
          "nixpkgs"
        ]
      },
      "locked": {
        "lastModified": 1789770686,
        "narHash": "sha256-uZkBR7yHdIKUFB5SZdfgh1qkGfI3XmYmI/lTiquxbck=",
        "owner": "nix-community",
        "repo": "disko",
        "rev": "725ea35e410ad83be4931d1bff7e090eacaf3563",
        "type": "github"
      },
      "original": {
        "owner": "nix-community",
        "repo": "disko",
        "type": "github"
      }
    },
    "dtop": {
      "inputs": {
        "flake-utils": [
          "flake-utils"
        ],
        "nixpkgs": [
          "nixpkgs-unstable"
        ]
      },
      "locked": {
        "lastModified": 1791033682,
        "narHash": "sha256-zVIV3K+yEQZuNbaQhC8QC4ymJXY7MRgR3EQ67gpZ0Y0=",
        "owner": "amir20",
        "repo": "dtop",
        "rev": "9654f69f4c2d9998915dd445afc11f40225a62e4",
        "type": "github"
      },
      "original": {
        "owner": "amir20",
        "repo": "dtop",
        "type": "github"
      }
    },
    "flake-compat": {
      "flake": false,
      "locked": {
        "lastModified": 1767039857,
        "narHash": "sha256-vNpUSpF5Nuw8xvDLj2KCwwksIbjua2LZCqhV1LNRDns=",
        "owner": "NixOS",
        "repo": "flake-compat",
        "rev": "5edf11c44bc78a0d334f6334cdaf7d60d732daab",
        "type": "github"
      },
      "original": {
        "owner": "NixOS",
        "repo": "flake-compat",
        "type": "github"
      }
    },
    "flake-file": {
      "locked": {
        "lastModified": 1776202746,
        "narHash": "sha256-RZVtJefKKy3Z2UvKWSbtRF3cUxt/2fHga2adN6MZQ1U=",
        "owner": "denful",
        "repo": "flake-file",
        "rev": "7d16dfaeb912d5efdff0d0eda2aabc0c934168dd",
        "type": "github"
      },
      "original": {
        "owner": "denful",
        "ref": "latest",
        "repo": "flake-file",
        "type": "github"
      }
    },
    "flake-parts": {
      "inputs": {
        "nixpkgs-lib": [
          "nixpkgs-lib"
        ]
      },
      "locked": {
        "lastModified": 1790898470,
        "narHash": "sha256-zTwuwezD0w3hpga6a6P8emidzAZFyWqlNeRBlpWOOl8=",
        "owner": "hercules-ci",
        "repo": "flake-parts",
        "rev": "024633cd702b10285db5cb19b40ad48d2399ba60",
        "type": "github"
      },
      "original": {
        "owner": "hercules-ci",
        "repo": "flake-parts",
        "type": "github"
      }
    },
    "flake-utils": {
      "inputs": {
        "systems": [
          "systems"
        ]
      },
      "locked": {
        "lastModified": 1731533236,
        "narHash": "sha256-l0KFg5HjrsfsO/JpG+r7fRrqm12kzFHyUHqHCVpMMbI=",
        "owner": "numtide",
        "repo": "flake-utils",
        "rev": "11707dc2f618dd54ca8739b309ec4fc024de578b",
        "type": "github"
      },
      "original": {
        "owner": "numtide",
        "repo": "flake-utils",
        "type": "github"
      }
    },
    "helium": {
      "inputs": {
        "nixpkgs": [
          "nixpkgs"
        ],
        "nixpkgs-darwin": "nixpkgs-darwin",
        "utils": [
          "flake-utils"
        ]
      },
      "locked": {
        "lastModified": 1791176322,
        "narHash": "sha256-yr1b5Yql7XE3L/Q9urGNhnNXBAa14S3nfY7A+twhRIM=",
        "owner": "schembriaiden",
        "repo": "helium-browser-nix-flake",
        "rev": "14a8f68137d4db62213555937f23ad95e7f8c4e6",
        "type": "github"
      },
      "original": {
        "owner": "schembriaiden",
        "repo": "helium-browser-nix-flake",
        "type": "github"
      }
    },
    "home-manager": {
      "inputs": {
        "nixpkgs": [
          "nixpkgs"
        ]
      },
      "locked": {
        "lastModified": 1790996401,
        "narHash": "sha256-f+kOxEmOUnQazVAmGg0i8hzwgd1kX/geY+k/Dpheye8=",
        "owner": "nix-community",
        "repo": "home-manager",
        "rev": "db7d5e2332710f5abb088f6b5de927d7f9511b35",
        "type": "github"
      },
      "original": {
        "owner": "nix-community",
        "ref": "release-26.05",
        "repo": "home-manager",
        "type": "github"
      }
    },
    "homebrew-cask": {
      "flake": false,
      "locked": {
        "lastModified": 1791198949,
        "narHash": "sha256-TQaaKstnWdkqwrDwt3xlZXdpT/Mnx2Qom0S6XhXUV3g=",
        "owner": "homebrew",
        "repo": "homebrew-cask",
        "rev": "bc94b2202caad0bf0de70a8329ee54050903acf2",
        "type": "github"
      },
      "original": {
        "owner": "homebrew",
        "repo": "homebrew-cask",
        "type": "github"
      }
    },
    "homebrew-core": {
      "flake": false,
      "locked": {
        "lastModified": 1791200369,
        "narHash": "sha256-fLJ8h94OqGOGcFdAiS/7xUITGuWBPwyD7uLiAJ0JwqM=",
        "owner": "homebrew",
        "repo": "homebrew-core",
        "rev": "4d24c27ba4f9813401a7f5510cc4b9480c4b4629",
        "type": "github"
      },
      "original": {
        "owner": "homebrew",
        "repo": "homebrew-core",
        "type": "github"
      }
    },
    "impermanence": {
      "inputs": {
        "home-manager": [],
        "nixpkgs": []
      },
      "locked": {
        "lastModified": 1769548169,
        "narHash": "sha256-03+JxvzmfwRu+5JafM0DLbxgHttOQZkUtDWBmeUkN8Y=",
        "owner": "nix-community",
        "repo": "impermanence",
        "rev": "7b1d382faf603b6d264f58627330f9faa5cba149",
        "type": "github"
      },
      "original": {
        "owner": "nix-community",
        "repo": "impermanence",
        "type": "github"
      }
    },
    "import-tree": {
      "locked": {
        "lastModified": 1788467110,
        "narHash": "sha256-ljEMTXP/rH0tOvDzc9gzwww6KcHRPRnEHzd9lK48V7s=",
        "owner": "denful",
        "repo": "import-tree",
        "rev": "eb1b52eaecc57f7c136d07ae8a93e724dfecac46",
        "type": "github"
      },
      "original": {
        "owner": "denful",
        "repo": "import-tree",
        "type": "github"
      }
    },
    "moonshine": {
      "inputs": {
        "nixpkgs": [
          "nixpkgs-unstable"
        ]
      },
      "locked": {
        "lastModified": 1790954503,
        "narHash": "sha256-RjhZTtI24jBxBoqJJjM8ihuwMOGW5zA1kCxzzqb/lmc=",
        "owner": "hgaiser",
        "repo": "moonshine",
        "rev": "d67303c407274a1bb005cb1d8b2a83a981596240",
        "type": "github"
      },
      "original": {
        "owner": "hgaiser",
        "repo": "moonshine",
        "type": "github"
      }
    },
    "nix-cachyos-kernel": {
      "inputs": {
        "flake-compat": [
          "flake-compat"
        ],
        "flake-parts": [
          "flake-parts"
        ],
        "nixpkgs": "nixpkgs"
      },
      "locked": {
        "lastModified": 1790564970,
        "narHash": "sha256-ANcKKTLB5oitjAYPp+iWts5clpbowVbDPVvt03P7Hes=",
        "owner": "xddxdd",
        "repo": "nix-cachyos-kernel",
        "rev": "b1332396df6e880d7e3b6b451c6a74132ce8cf66",
        "type": "github"
      },
      "original": {
        "owner": "xddxdd",
        "ref": "release",
        "repo": "nix-cachyos-kernel",
        "type": "github"
      }
    },
    "nix-flatpak": {
      "locked": {
        "lastModified": 1790428548,
        "narHash": "sha256-OsZ/I7v3ArCrk0XOUvkiU1dFtGtE1qZTHRGjvBXIKUU=",
        "owner": "gmodena",
        "repo": "nix-flatpak",
        "rev": "f1f045fc8b35ff59f88982c1752d3f3a42ca6a61",
        "type": "github"
      },
      "original": {
        "owner": "gmodena",
        "repo": "nix-flatpak",
        "type": "github"
      }
    },
    "nix-homebrew": {
      "inputs": {
        "brew-src": "brew-src"
      },
      "locked": {
        "lastModified": 1789928041,
        "narHash": "sha256-iV37ieTcE4ZLOYEe0VznW6dWMBe4lEL8AbK1vblyZGM=",
        "owner": "zhaofengli",
        "repo": "nix-homebrew",
        "rev": "c11cccfdd36dd69b5323d70d354b2853379c2426",
        "type": "github"
      },
      "original": {
        "owner": "zhaofengli",
        "repo": "nix-homebrew",
        "type": "github"
      }
    },
    "nixos-wsl": {
      "inputs": {
        "flake-compat": [
          "flake-compat"
        ],
        "nixpkgs": [
          "nixpkgs"
        ]
      },
      "locked": {
        "lastModified": 1789157919,
        "narHash": "sha256-3+r8UDwPkTlB9hhHoN4rjGtZow3+wEFOganBKurhJhY=",
        "owner": "nix-community",
        "repo": "NixOS-WSL",
        "rev": "b98199a76ab180be55f7a6a97bd4984a87c99964",
        "type": "github"
      },
      "original": {
        "owner": "nix-community",
        "ref": "release-26.05",
        "repo": "NixOS-WSL",
        "type": "github"
      }
    },
    "nixpkgs": {
      "locked": {
        "lastModified": 1790505892,
        "narHash": "sha256-/pAz2XfqHS//WRn2xRjoqes7Z92qZ0Q1gufZZ3PtuwA=",
        "owner": "NixOS",
        "repo": "nixpkgs",
        "rev": "545c226a9af7f59fba5c3873f7c6a65e014c8f5f",
        "type": "github"
      },
      "original": {
        "owner": "NixOS",
        "ref": "nixos-unstable-small",
        "repo": "nixpkgs",
        "type": "github"
      }
    },
    "nixpkgs-darwin": {
      "locked": {
        "lastModified": 1790772421,
        "narHash": "sha256-754eQtr0m8xKtNnKYhX7ukI7XaA7oeiQpui1LiEuhyU=",
        "owner": "NixOS",
        "repo": "nixpkgs",
        "rev": "e49322d1ec25b45f7c587c5fd69ac826d1a57dbc",
        "type": "github"
      },
      "original": {
        "owner": "NixOS",
        "ref": "nixpkgs-26.05-darwin",
        "repo": "nixpkgs",
        "type": "github"
      }
    },
    "nixpkgs-unstable": {
      "locked": {
        "lastModified": 1791048980,
        "narHash": "sha256-KgItSKML8Xvte0B7/uGnBDsYzSnnKHcOaiUbgWBXLXw=",
        "owner": "NixOS",
        "repo": "nixpkgs",
        "rev": "a7868a727837f3c09cee2ce0ca671c76b1589fed",
        "type": "github"
      },
      "original": {
        "owner": "NixOS",
        "ref": "nixos-unstable",
        "repo": "nixpkgs",
        "type": "github"
      }
    },
    "nixpkgs_2": {
      "locked": {
        "lastModified": 1791143449,
        "narHash": "sha256-9+n3ReS2y9xS199LoJjKUWHwZrISGHWgkD/LUZTDZyA=",
        "owner": "NixOS",
        "repo": "nixpkgs",
        "rev": "0d9e9b832d03ac387417e16ce1febf73b2e631e1",
        "type": "github"
      },
      "original": {
        "owner": "NixOS",
        "ref": "nixos-26.05",
        "repo": "nixpkgs",
        "type": "github"
      }
    },
    "nur": {
      "inputs": {
        "flake-parts": [
          "flake-parts"
        ],
        "nixpkgs": [
          "nixpkgs"
        ]
      },
      "locked": {
        "lastModified": 1791201095,
        "narHash": "sha256-vZGWmuAvQ1BpAdQ5SIAienKGY6Llzmj9FbMxzUKOhq0=",
        "owner": "nix-community",
        "repo": "NUR",
        "rev": "a726e2316492af2c7ede0deebfcda7c376f231e2",
        "type": "github"
      },
      "original": {
        "owner": "nix-community",
        "repo": "NUR",
        "type": "github"
      }
    },
    "plasma-manager": {
      "inputs": {
        "home-manager": [
          "home-manager"
        ],
        "nixpkgs": [
          "nixpkgs"
        ]
      },
      "locked": {
        "lastModified": 1785762349,
        "narHash": "sha256-jZhZkzAwc7f3exzcTDJWP2WCAchCv0iNC3UF/QsahdQ=",
        "owner": "nix-community",
        "repo": "plasma-manager",
        "rev": "a19a2a029fa180911bd89c554dca1616e10f4c1d",
        "type": "github"
      },
      "original": {
        "owner": "nix-community",
        "repo": "plasma-manager",
        "type": "github"
      }
    },
    "proton-cachyos": {
      "inputs": {
        "nixpkgs": [
          "nixpkgs-unstable"
        ]
      },
      "locked": {
        "lastModified": 1791153973,
        "narHash": "sha256-tYHp4BL78ZlPcFdx4yE8rERUI48W89lUdZznQhFqSF4=",
        "owner": "powerofthe69",
        "repo": "proton-cachyos-nix",
        "rev": "3f606949bf2f2276fc7c7dd0d6e22e92da635907",
        "type": "github"
      },
      "original": {
        "owner": "powerofthe69",
        "repo": "proton-cachyos-nix",
        "type": "github"
      }
    },
    "root": {
      "inputs": {
        "betterfox-userjs": "betterfox-userjs",
        "darwin": "darwin",
        "den": "den",
        "disko": "disko",
        "dtop": "dtop",
        "flake-compat": "flake-compat",
        "flake-file": "flake-file",
        "flake-parts": "flake-parts",
        "flake-utils": "flake-utils",
        "helium": "helium",
        "home-manager": "home-manager",
        "homebrew-cask": "homebrew-cask",
        "homebrew-core": "homebrew-core",
        "impermanence": "impermanence",
        "import-tree": "import-tree",
        "moonshine": "moonshine",
        "nix-cachyos-kernel": "nix-cachyos-kernel",
        "nix-flatpak": "nix-flatpak",
        "nix-homebrew": "nix-homebrew",
        "nixos-wsl": "nixos-wsl",
        "nixpkgs": "nixpkgs_2",
        "nixpkgs-lib": [
          "nixpkgs"
        ],
        "nixpkgs-unstable": "nixpkgs-unstable",
        "nur": "nur",
        "plasma-manager": "plasma-manager",
        "proton-cachyos": "proton-cachyos",
        "scopebuddy": "scopebuddy",
        "systems": "systems"
      }
    },
    "scopebuddy": {
      "inputs": {
        "nixpkgs": [
          "nixpkgs-unstable"
        ]
      },
      "locked": {
        "lastModified": 1787088847,
        "narHash": "sha256-dimDUlRtDXZDCUUOjW2KX+1XiWjOiMUIudh6VClZlZ0=",
        "owner": "OpenGamingCollective",
        "repo": "ScopeBuddy",
        "rev": "0269fd2b3b5f0b2af191d52d1b8e4a8088a49fdc",
        "type": "github"
      },
      "original": {
        "owner": "OpenGamingCollective",
        "repo": "ScopeBuddy",
        "type": "github"
      }
    },
    "systems": {
      "locked": {
        "lastModified": 1681028828,
        "narHash": "sha256-Vy1rq5AaRuLzOxct8nz4T6wlgyUR7zLU309k9mBC768=",
        "owner": "nix-systems",
        "repo": "default",
        "rev": "da67096a3b9bf56a91d16901293e51ba5b49a27e",
        "type": "github"
      },
      "original": {
        "owner": "nix-systems",
        "repo": "default",
        "type": "github"
      }
    }
  },
  "root": "root",
  "version": 7
}
