{
  "nodes": {
    "betterfox-userjs": {
      "locked": {
        "lastModified": 1788753874,
        "narHash": "sha256-duTANoxgnAVdVRZ+Gty3akoM1ET5il+LqNtmi4pXM+I=",
        "owner": "istvnurbn",
        "repo": "betterfox-userjs-nix",
        "rev": "27dc934e3903d5de68ebf98a23b19e00b88ce2bc",
        "type": "github"
      },
      "original": {
        "owner": "istvnurbn",
        "repo": "betterfox-userjs-nix",
        "type": "github"
      }
    },
    "brew-src": {
      "flake": false,
      "locked": {
        "lastModified": 1789661079,
        "narHash": "sha256-geVTQ51PGZ1mLULM5k7wO7qt/6xenOR/YG8X7Q3eCaI=",
        "owner": "Homebrew",
        "repo": "brew",
        "rev": "edb70f031e4170c780799633a1226ff73e1077f4",
        "type": "github"
      },
      "original": {
        "owner": "Homebrew",
        "ref": "7.0.4",
        "repo": "brew",
        "type": "github"
      }
    },
    "darwin": {
      "inputs": {
        "nixpkgs": [
          "nixpkgs"
        ]
      },
      "locked": {
        "lastModified": 1783744694,
        "narHash": "sha256-2cp6N3rrwnGYLTx9l6N+NI+kwrCWxvJUbj5WJhvB29A=",
        "owner": "nix-darwin",
        "repo": "nix-darwin",
        "rev": "c3e90c89649b07d1a96e4b9dd6cd0d6e44b91a74",
        "type": "github"
      },
      "original": {
        "owner": "nix-darwin",
        "ref": "nix-darwin-26.05",
        "repo": "nix-darwin",
        "type": "github"
      }
    },
    "den": {
      "locked": {
        "lastModified": 1790283496,
        "narHash": "sha256-QTPzBJpxfetqU3u29+tQev8SlAC6EaRvHks0+FHAclY=",
        "owner": "denful",
        "repo": "den",
        "rev": "37eb88ce28a9e42d5b367b967a9097030ff4f665",
        "type": "github"
      },
      "original": {
        "owner": "denful",
        "ref": "latest",
        "repo": "den",
        "type": "github"
      }
    },
    "disko": {
      "inputs": {
        "nixpkgs": [
          "nixpkgs"
        ]
      },
      "locked": {
        "lastModified": 1789770686,
        "narHash": "sha256-uZkBR7yHdIKUFB5SZdfgh1qkGfI3XmYmI/lTiquxbck=",
        "owner": "nix-community",
        "repo": "disko",
        "rev": "725ea35e410ad83be4931d1bff7e090eacaf3563",
        "type": "github"
      },
      "original": {
        "owner": "nix-community",
        "repo": "disko",
        "type": "github"
      }
    },
    "dtop": {
      "inputs": {
        "flake-utils": [
          "flake-utils"
        ],
        "nixpkgs": [
          "nixpkgs-unstable"
        ]
      },
      "locked": {
        "lastModified": 1790291206,
        "narHash": "sha256-nXy7tatzAPRBHntacNxrGBV0hnXW2MJVLYnqjAfyw1w=",
        "owner": "amir20",
        "repo": "dtop",
        "rev": "c16c7b85bb974b470f648bb23b64e0a9bd83170b",
        "type": "github"
      },
      "original": {
        "owner": "amir20",
        "repo": "dtop",
        "type": "github"
      }
    },
    "flake-compat": {
      "flake": false,
      "locked": {
        "lastModified": 1767039857,
        "narHash": "sha256-vNpUSpF5Nuw8xvDLj2KCwwksIbjua2LZCqhV1LNRDns=",
        "owner": "NixOS",
        "repo": "flake-compat",
        "rev": "5edf11c44bc78a0d334f6334cdaf7d60d732daab",
        "type": "github"
      },
      "original": {
        "owner": "NixOS",
        "repo": "flake-compat",
        "type": "github"
      }
    },
    "flake-file": {
      "locked": {
        "lastModified": 1776202746,
        "narHash": "sha256-RZVtJefKKy3Z2UvKWSbtRF3cUxt/2fHga2adN6MZQ1U=",
        "owner": "denful",
        "repo": "flake-file",
        "rev": "7d16dfaeb912d5efdff0d0eda2aabc0c934168dd",
        "type": "github"
      },
      "original": {
        "owner": "denful",
        "ref": "latest",
        "repo": "flake-file",
        "type": "github"
      }
    },
    "flake-parts": {
      "inputs": {
        "nixpkgs-lib": [
          "nixpkgs-lib"
        ]
      },
      "locked": {
        "lastModified": 1788450739,
        "narHash": "sha256-glZLQlzIn1fXH6PazR2iUmTo7kzzyYSshrWhLS9TqCU=",
        "owner": "hercules-ci",
        "repo": "flake-parts",
        "rev": "31729ca8cbdb4fa927b34e5f4353e6a83f39e993",
        "type": "github"
      },
      "original": {
        "owner": "hercules-ci",
        "repo": "flake-parts",
        "type": "github"
      }
    },
    "flake-utils": {
      "inputs": {
        "systems": [
          "systems"
        ]
      },
      "locked": {
        "lastModified": 1731533236,
        "narHash": "sha256-l0KFg5HjrsfsO/JpG+r7fRrqm12kzFHyUHqHCVpMMbI=",
        "owner": "numtide",
        "repo": "flake-utils",
        "rev": "11707dc2f618dd54ca8739b309ec4fc024de578b",
        "type": "github"
      },
      "original": {
        "owner": "numtide",
        "repo": "flake-utils",
        "type": "github"
      }
    },
    "helium": {
      "inputs": {
        "nixpkgs": [
          "nixpkgs"
        ],
        "nixpkgs-darwin": "nixpkgs-darwin",
        "utils": [
          "flake-utils"
        ]
      },
      "locked": {
        "lastModified": 1790255300,
        "narHash": "sha256-QAdJm/1YiW8B2fd3dDVyitOyKrKOPDCSEbdYStkdaPs=",
        "owner": "schembriaiden",
        "repo": "helium-browser-nix-flake",
        "rev": "b413a26c70bb354197e34fd2e493508cb8326576",
        "type": "github"
      },
      "original": {
        "owner": "schembriaiden",
        "repo": "helium-browser-nix-flake",
        "type": "github"
      }
    },
    "home-manager": {
      "inputs": {
        "nixpkgs": [
          "nixpkgs"
        ]
      },
      "locked": {
        "lastModified": 1790215976,
        "narHash": "sha256-VkR1rMGyjU9jtw8ISFx5uqR9e+LEaOlhHwrseFkiIVk=",
        "owner": "nix-community",
        "repo": "home-manager",
        "rev": "a6631107a83ceab5872f298a2ea710859c80c4cb",
        "type": "github"
      },
      "original": {
        "owner": "nix-community",
        "ref": "release-26.05",
        "repo": "home-manager",
        "type": "github"
      }
    },
    "homebrew-cask": {
      "flake": false,
      "locked": {
        "lastModified": 1790356796,
        "narHash": "sha256-BoKQ76R8fsyTdJW/7fzkN2cosK3ky+QFnSxpWxhj8is=",
        "owner": "homebrew",
        "repo": "homebrew-cask",
        "rev": "aa9e547038455e11bdb0d64d106725141f3edb53",
        "type": "github"
      },
      "original": {
        "owner": "homebrew",
        "repo": "homebrew-cask",
        "type": "github"
      }
    },
    "homebrew-core": {
      "flake": false,
      "locked": {
        "lastModified": 1790358659,
        "narHash": "sha256-WQMnY1QCxsikpjm+P9/6YeZMPgdHu2zRT+Weq1TTvvw=",
        "owner": "homebrew",
        "repo": "homebrew-core",
        "rev": "93f309fd68653a6a4e0ba441de76e59e1507f416",
        "type": "github"
      },
      "original": {
        "owner": "homebrew",
        "repo": "homebrew-core",
        "type": "github"
      }
    },
    "impermanence": {
      "inputs": {
        "home-manager": [],
        "nixpkgs": []
      },
      "locked": {
        "lastModified": 1769548169,
        "narHash": "sha256-03+JxvzmfwRu+5JafM0DLbxgHttOQZkUtDWBmeUkN8Y=",
        "owner": "nix-community",
        "repo": "impermanence",
        "rev": "7b1d382faf603b6d264f58627330f9faa5cba149",
        "type": "github"
      },
      "original": {
        "owner": "nix-community",
        "repo": "impermanence",
        "type": "github"
      }
    },
    "import-tree": {
      "locked": {
        "lastModified": 1788467110,
        "narHash": "sha256-ljEMTXP/rH0tOvDzc9gzwww6KcHRPRnEHzd9lK48V7s=",
        "owner": "denful",
        "repo": "import-tree",
        "rev": "eb1b52eaecc57f7c136d07ae8a93e724dfecac46",
        "type": "github"
      },
      "original": {
        "owner": "denful",
        "repo": "import-tree",
        "type": "github"
      }
    },
    "moonshine": {
      "inputs": {
        "nixpkgs": [
          "nixpkgs-unstable"
        ]
      },
      "locked": {
        "lastModified": 1789374040,
        "narHash": "sha256-CmSOU263HD4qDFwGRxyozo2u2BlM+bT8AE7EwFPEhnA=",
        "owner": "hgaiser",
        "repo": "moonshine",
        "rev": "5a83892a0c86a22e5d74d7a816b6df2f8e06f751",
        "type": "github"
      },
      "original": {
        "owner": "hgaiser",
        "repo": "moonshine",
        "type": "github"
      }
    },
    "nix-cachyos-kernel": {
      "inputs": {
        "flake-compat": [
          "flake-compat"
        ],
        "flake-parts": [
          "flake-parts"
        ],
        "nixpkgs": "nixpkgs"
      },
      "locked": {
        "lastModified": 1789241994,
        "narHash": "sha256-kY+k8kGBd8w4kxrw8IPzQGpnYZQV4mik2ZNHtGN0eHI=",
        "owner": "xddxdd",
        "repo": "nix-cachyos-kernel",
        "rev": "444d135dde71c1de547cf7bfd73e67145e67aebb",
        "type": "github"
      },
      "original": {
        "owner": "xddxdd",
        "ref": "release",
        "repo": "nix-cachyos-kernel",
        "type": "github"
      }
    },
    "nix-flatpak": {
      "locked": {
        "lastModified": 1789496567,
        "narHash": "sha256-f9ze1ph2u0lk/Hm7/w/OvC0ESL1z0LbQ5UDgcOwQzLM=",
        "owner": "gmodena",
        "repo": "nix-flatpak",
        "rev": "07e8980c2fe421c93c0749f6246db34422827f67",
        "type": "github"
      },
      "original": {
        "owner": "gmodena",
        "repo": "nix-flatpak",
        "type": "github"
      }
    },
    "nix-homebrew": {
      "inputs": {
        "brew-src": "brew-src"
      },
      "locked": {
        "lastModified": 1789928041,
        "narHash": "sha256-iV37ieTcE4ZLOYEe0VznW6dWMBe4lEL8AbK1vblyZGM=",
        "owner": "zhaofengli",
        "repo": "nix-homebrew",
        "rev": "c11cccfdd36dd69b5323d70d354b2853379c2426",
        "type": "github"
      },
      "original": {
        "owner": "zhaofengli",
        "repo": "nix-homebrew",
        "type": "github"
      }
    },
    "nixos-wsl": {
      "inputs": {
        "flake-compat": [
          "flake-compat"
        ],
        "nixpkgs": [
          "nixpkgs"
        ]
      },
      "locked": {
        "lastModified": 1789157919,
        "narHash": "sha256-3+r8UDwPkTlB9hhHoN4rjGtZow3+wEFOganBKurhJhY=",
        "owner": "nix-community",
        "repo": "NixOS-WSL",
        "rev": "b98199a76ab180be55f7a6a97bd4984a87c99964",
        "type": "github"
      },
      "original": {
        "owner": "nix-community",
        "ref": "release-26.05",
        "repo": "NixOS-WSL",
        "type": "github"
      }
    },
    "nixpkgs": {
      "locked": {
        "lastModified": 1789181251,
        "narHash": "sha256-8yaO1XLoObzYgb6Uj+0IkUxbkCI6kBLuImoZAuAHzB4=",
        "owner": "NixOS",
        "repo": "nixpkgs",
        "rev": "f496248152e1ad8c61b59a6739cc499b447168e4",
        "type": "github"
      },
      "original": {
        "owner": "NixOS",
        "ref": "nixos-unstable-small",
        "repo": "nixpkgs",
        "type": "github"
      }
    },
    "nixpkgs-darwin": {
      "locked": {
        "lastModified": 1790117938,
        "narHash": "sha256-KgxFEzwzcmyNe4mqlYtsZjzy40mLcNVKtaeoCf5tCGg=",
        "owner": "NixOS",
        "repo": "nixpkgs",
        "rev": "bd495b825e5c4365131f9b744cce923d42c06158",
        "type": "github"
      },
      "original": {
        "owner": "NixOS",
        "ref": "nixpkgs-26.05-darwin",
        "repo": "nixpkgs",
        "type": "github"
      }
    },
    "nixpkgs-unstable": {
      "locked": {
        "lastModified": 1790185690,
        "narHash": "sha256-xJ+X4hBtOcAFGBOe5nAMyMUeF9foJBmIOu3NjBqBycU=",
        "owner": "NixOS",
        "repo": "nixpkgs",
        "rev": "4975466d324710c576dc11ad614684e6bd8cad8e",
        "type": "github"
      },
      "original": {
        "owner": "NixOS",
        "ref": "nixos-unstable",
        "repo": "nixpkgs",
        "type": "github"
      }
    },
    "nixpkgs_2": {
      "locked": {
        "lastModified": 1790218706,
        "narHash": "sha256-6e4Na3z008XpdVyOXgfasXIn1aN+z8AXFG+jXdQSyuI=",
        "owner": "NixOS",
        "repo": "nixpkgs",
        "rev": "c508844df6c28fa6dabc1b6af70f3ccbd65c5201",
        "type": "github"
      },
      "original": {
        "owner": "NixOS",
        "ref": "nixos-26.05",
        "repo": "nixpkgs",
        "type": "github"
      }
    },
    "nur": {
      "inputs": {
        "flake-parts": [
          "flake-parts"
        ],
        "nixpkgs": [
          "nixpkgs"
        ]
      },
      "locked": {
        "lastModified": 1790359455,
        "narHash": "sha256-a5z9JULG4BJT+t2l+PamJKcxAOIAgf6orabAQPfSY40=",
        "owner": "nix-community",
        "repo": "NUR",
        "rev": "475a7f41b4cb964224ffb6bf9a4a4ec9e00f5326",
        "type": "github"
      },
      "original": {
        "owner": "nix-community",
        "repo": "NUR",
        "type": "github"
      }
    },
    "plasma-manager": {
      "inputs": {
        "home-manager": [
          "home-manager"
        ],
        "nixpkgs": [
          "nixpkgs"
        ]
      },
      "locked": {
        "lastModified": 1785762349,
        "narHash": "sha256-jZhZkzAwc7f3exzcTDJWP2WCAchCv0iNC3UF/QsahdQ=",
        "owner": "nix-community",
        "repo": "plasma-manager",
        "rev": "a19a2a029fa180911bd89c554dca1616e10f4c1d",
        "type": "github"
      },
      "original": {
        "owner": "nix-community",
        "repo": "plasma-manager",
        "type": "github"
      }
    },
    "proton-cachyos": {
      "inputs": {
        "nixpkgs": [
          "nixpkgs-unstable"
        ]
      },
      "locked": {
        "lastModified": 1790234042,
        "narHash": "sha256-5VHKBwEHb+yOL1hWtANpT/d57FQhuoRqnxul/mzdrY4=",
        "owner": "powerofthe69",
        "repo": "proton-cachyos-nix",
        "rev": "f2ea4a1b8f723c37d53689d949709745747bc6d9",
        "type": "github"
      },
      "original": {
        "owner": "powerofthe69",
        "repo": "proton-cachyos-nix",
        "type": "github"
      }
    },
    "root": {
      "inputs": {
        "betterfox-userjs": "betterfox-userjs",
        "darwin": "darwin",
        "den": "den",
        "disko": "disko",
        "dtop": "dtop",
        "flake-compat": "flake-compat",
        "flake-file": "flake-file",
        "flake-parts": "flake-parts",
        "flake-utils": "flake-utils",
        "helium": "helium",
        "home-manager": "home-manager",
        "homebrew-cask": "homebrew-cask",
        "homebrew-core": "homebrew-core",
        "impermanence": "impermanence",
        "import-tree": "import-tree",
        "moonshine": "moonshine",
        "nix-cachyos-kernel": "nix-cachyos-kernel",
        "nix-flatpak": "nix-flatpak",
        "nix-homebrew": "nix-homebrew",
        "nixos-wsl": "nixos-wsl",
        "nixpkgs": "nixpkgs_2",
        "nixpkgs-lib": [
          "nixpkgs"
        ],
        "nixpkgs-unstable": "nixpkgs-unstable",
        "nur": "nur",
        "plasma-manager": "plasma-manager",
        "proton-cachyos": "proton-cachyos",
        "scopebuddy": "scopebuddy",
        "systems": "systems"
      }
    },
    "scopebuddy": {
      "inputs": {
        "nixpkgs": [
          "nixpkgs-unstable"
        ]
      },
      "locked": {
        "lastModified": 1787088847,
        "narHash": "sha256-dimDUlRtDXZDCUUOjW2KX+1XiWjOiMUIudh6VClZlZ0=",
        "owner": "OpenGamingCollective",
        "repo": "ScopeBuddy",
        "rev": "0269fd2b3b5f0b2af191d52d1b8e4a8088a49fdc",
        "type": "github"
      },
      "original": {
        "owner": "OpenGamingCollective",
        "repo": "ScopeBuddy",
        "type": "github"
      }
    },
    "systems": {
      "locked": {
        "lastModified": 1681028828,
        "narHash": "sha256-Vy1rq5AaRuLzOxct8nz4T6wlgyUR7zLU309k9mBC768=",
        "owner": "nix-systems",
        "repo": "default",
        "rev": "da67096a3b9bf56a91d16901293e51ba5b49a27e",
        "type": "github"
      },
      "original": {
        "owner": "nix-systems",
        "repo": "default",
        "type": "github"
      }
    }
  },
  "root": "root",
  "version": 7
}
